Microsoft Visual Studio Solution File, Format Version 9.00
# Visual Studio 2005
Project("{8BC9CEB8-8B4A-11D0-8D11-00A0C91BC942}") = "rome", "rome2005.vcproj", "{8F1D5CE5-5D3F-4B9C-852A-81A129EBF793}"
EndProject
Project("{8BC9CEB8-8B4A-11D0-8D11-00A0C91BC942}") = "UpdateVersionH2005", "tools\UpdateVersionH\UpdateVersionH2005.vcproj", "{975836CF-AA51-4E98-8F1D-EB6FB8CD04B1}"
EndProject
Global
	GlobalSection(SolutionConfigurationPlatforms) = preSolution
		Debug|Win32 = Debug|Win32
		Release|Win32 = Release|Win32
	EndGlobalSection
	GlobalSection(ProjectConfigurationPlatforms) = postSolution
		{8F1D5CE5-5D3F-4B9C-852A-81A129EBF793}.Debug|Win32.ActiveCfg = Debug|Win32
		{8F1D5CE5-5D3F-4B9C-852A-81A129EBF793}.Debug|Win32.Build.0 = Debug|Win32
		{8F1D5CE5-5D3F-4B9C-852A-81A129EBF793}.Release|Win32.ActiveCfg = Release|Win32
		{8F1D5CE5-5D3F-4B9C-852A-81A129EBF793}.Release|Win32.Build.0 = Release|Win32
		{975836CF-AA51-4E98-8F1D-EB6FB8CD04B1}.Debug|Win32.ActiveCfg = Debug|Win32
		{975836CF-AA51-4E98-8F1D-EB6FB8CD04B1}.Debug|Win32.Build.0 = Debug|Win32
		{975836CF-AA51-4E98-8F1D-EB6FB8CD04B1}.Release|Win32.ActiveCfg = Release|Win32
		{975836CF-AA51-4E98-8F1D-EB6FB8CD04B1}.Release|Win32.Build.0 = Release|Win32
	EndGlobalSection
	GlobalSection(SolutionProperties) = preSolution
		HideSolutionNode = FALSE
	EndGlobalSection
EndGlobal
